{
  "name": "relude-random",
  "version": "0.1.0",
  "lockfileVersion": 1,
  "requires": true,
  "dependencies": {
    "bs-abstract": {
      "version": "0.18.0",
      "resolved": "https://registry.npmjs.org/bs-abstract/-/bs-abstract-0.18.0.tgz",
      "integrity": "sha512-kohLdSzk6fIw4u+O214/0paiPmhkJ+ChBOrXLWufQGT/aLu6hOWNlLIpWX7BFi7oGEsUMlIBxTs5jPWBT9gnjg==",
      "dev": true
    },
    "bs-platform": {
      "version": "7.0.1",
      "resolved": "https://registry.npmjs.org/bs-platform/-/bs-platform-7.0.1.tgz",
      "integrity": "sha512-UjStdtHhbtC/l6vKJ1XRDqrPk7rFf5PLYHtRX3akDXEYVnTbN36z0g4DEr5mU8S0N945e33HYts9x+i7hKKpZQ==",
      "dev": true
    },
    "relude": {
      "version": "0.46.0",
      "resolved": "https://registry.npmjs.org/relude/-/relude-0.46.0.tgz",
      "integrity": "sha512-oxdI5TgT+4mvGsyEWyFkpQLm73Wv48usXjzHOuws1bfXAUkXVDRR13gTefP0e88/fQ+Bqtkg6nmM+LVhL/b5iw==",
      "dev": true
    }
  }
}
